
Microsoft Visual Studio Solution File, Format Version 12.00
# Visual Studio 14
VisualStudioVersion = 14.0.25420.1
MinimumVisualStudioVersion = 10.0.40219.1
Project("{FAE04EC0-301F-11D3-BF4B-00C04F79EFBC}") = "DIPS", "DIPS\DIPS.csproj", "{FFE93E34-2703-430E-A53F-003E8E6658ED}"
EndProject
Project("{FAE04EC0-301F-11D3-BF4B-00C04F79EFBC}") = "DIPS.Tests", "DIPS.Tests\DIPS.Tests.csproj", "{8DF17929-F679-4818-8E35-F579E4574966}"
EndProject
Global
	GlobalSection(SolutionConfigurationPlatforms) = preSolution
		Debug|Any CPU = Debug|Any CPU
		Release|Any CPU = Release|Any CPU
	EndGlobalSection
	GlobalSection(ProjectConfigurationPlatforms) = postSolution
		{FFE93E34-2703-430E-A53F-003E8E6658ED}.Debug|Any CPU.ActiveCfg = Debug|Any CPU
		{FFE93E34-2703-430E-A53F-003E8E6658ED}.Debug|Any CPU.Build.0 = Debug|Any CPU
		{FFE93E34-2703-430E-A53F-003E8E6658ED}.Release|Any CPU.ActiveCfg = Release|Any CPU
		{FFE93E34-2703-430E-A53F-003E8E6658ED}.Release|Any CPU.Build.0 = Release|Any CPU
		{8DF17929-F679-4818-8E35-F579E4574966}.Debug|Any CPU.ActiveCfg = Debug|Any CPU
		{8DF17929-F679-4818-8E35-F579E4574966}.Debug|Any CPU.Build.0 = Debug|Any CPU
		{8DF17929-F679-4818-8E35-F579E4574966}.Release|Any CPU.ActiveCfg = Release|Any CPU
		{8DF17929-F679-4818-8E35-F579E4574966}.Release|Any CPU.Build.0 = Release|Any CPU
	EndGlobalSection
	GlobalSection(SolutionProperties) = preSolution
		HideSolutionNode = FALSE
	EndGlobalSection
EndGlobal
